
Microsoft Visual Studio Solution File, Format Version 12.00
# Visual Studio Version 16
VisualStudioVersion = 16.0.31025.194
MinimumVisualStudioVersion = 10.0.40219.1
Project("{FAE04EC0-301F-11D3-BF4B-00C04F79EFBC}") = "ScaleWindowResizer", "ScaleWindowResizer.csproj", "{BCA28FD5-0EC5-4518-ABAE-526B937D257F}"
EndProject
Global
	GlobalSection(SolutionConfigurationPlatforms) = preSolution
		Debug|Any CPU = Debug|Any CPU
		Release|Any CPU = Release|Any CPU
	EndGlobalSection
	GlobalSection(ProjectConfigurationPlatforms) = postSolution
		{BCA28FD5-0EC5-4518-ABAE-526B937D257F}.Debug|Any CPU.ActiveCfg = Debug|Any CPU
		{BCA28FD5-0EC5-4518-ABAE-526B937D257F}.Debug|Any CPU.Build.0 = Debug|Any CPU
		{BCA28FD5-0EC5-4518-ABAE-526B937D257F}.Release|Any CPU.ActiveCfg = Release|Any CPU
		{BCA28FD5-0EC5-4518-ABAE-526B937D257F}.Release|Any CPU.Build.0 = Release|Any CPU
	EndGlobalSection
	GlobalSection(SolutionProperties) = preSolution
		HideSolutionNode = FALSE
	EndGlobalSection
	GlobalSection(ExtensibilityGlobals) = postSolution
		SolutionGuid = {F0103089-16B0-457D-B003-CC48FB3E525F}
	EndGlobalSection
EndGlobal
